{
  "version": "3",
  "packages": {
    "specifiers": {
      "jsr:@std/assert@1": "jsr:@std/assert@1.0.2",
      "jsr:@std/internal@^1.0.1": "jsr:@std/internal@1.0.1"
    },
    "jsr": {
      "@std/assert@1.0.2": {
        "integrity": "ccacec332958126deaceb5c63ff8b4eaf9f5ed0eac9feccf124110435e59e49c",
        "dependencies": [
          "jsr:@std/internal@^1.0.1"
        ]
      },
      "@std/internal@1.0.1": {
        "integrity": "6f8c7544d06a11dd256c8d6ba54b11ed870aac6c5aeafff499892662c57673e6"
      }
    }
  },
  "redirects": {
    "https://esm.sh/mitata": "https://esm.sh/mitata@0.1.11"
  },
  "remote": {
    "https://esm.sh/mitata@0.1.11": "14864e7f27a55ac3d8ccec4534851fd3e10905e02ac742ac10a74027984367c0",
    "https://esm.sh/v135/mitata@0.1.11/denonext/mitata.mjs": "229d9f801e2e7e5407e72b66ebb1f0091823490986b3394a284392e4aa839b98"
  },
  "workspace": {
    "dependencies": [
      "jsr:@std/assert@1"
    ]
  }
}
